
Microsoft Visual Studio Solution File, Format Version 12.00
# Visual Studio Version 16
VisualStudioVersion = 16.0.33027.164
MinimumVisualStudioVersion = 10.0.40219.1
Project("{FAE04EC0-301F-11D3-BF4B-00C04F79EFBC}") = "ConsoleApp_NetworkProgramming_Into", "ConsoleApp_NetworkProgramming_Into\ConsoleApp_NetworkProgramming_Into.csproj", "{027EF109-3CC5-4D68-B8F6-869F9747AD40}"
EndProject
Global
	GlobalSection(SolutionConfigurationPlatforms) = preSolution
		Debug|Any CPU = Debug|Any CPU
		Release|Any CPU = Release|Any CPU
	EndGlobalSection
	GlobalSection(ProjectConfigurationPlatforms) = postSolution
		{027EF109-3CC5-4D68-B8F6-869F9747AD40}.Debug|Any CPU.ActiveCfg = Debug|Any CPU
		{027EF109-3CC5-4D68-B8F6-869F9747AD40}.Debug|Any CPU.Build.0 = Debug|Any CPU
		{027EF109-3CC5-4D68-B8F6-869F9747AD40}.Release|Any CPU.ActiveCfg = Release|Any CPU
		{027EF109-3CC5-4D68-B8F6-869F9747AD40}.Release|Any CPU.Build.0 = Release|Any CPU
	EndGlobalSection
	GlobalSection(SolutionProperties) = preSolution
		HideSolutionNode = FALSE
	EndGlobalSection
	GlobalSection(ExtensibilityGlobals) = postSolution
		SolutionGuid = {54DC0E03-1976-46C6-8342-3C4636F81320}
	EndGlobalSection
EndGlobal
